
Microsoft Visual Studio Solution File, Format Version 12.00
# Visual Studio Version 17
VisualStudioVersion = 17.12.35527.113
MinimumVisualStudioVersion = 10.0.40219.1
Project("{8BC9CEB8-8B4A-11D0-8D11-00A0C91BC942}") = "Quadtree", "Quadtree\Quadtree.vcxproj", "{EC2F0196-788E-47D6-BF8C-FD1ED6BCC153}"
EndProject
Project("{8BC9CEB8-8B4A-11D0-8D11-00A0C91BC942}") = "OSMImporter", "OSMImporter\OSMImporter.vcxproj", "{37449B45-1411-4FFE-A2C1-E6E61C969D64}"
EndProject
Project("{8BC9CEB8-8B4A-11D0-8D11-00A0C91BC942}") = "Db", "Db\Db.vcxproj", "{9E659E38-7581-437E-BE19-AEB0F386B240}"
EndProject
Global
	GlobalSection(SolutionConfigurationPlatforms) = preSolution
		Debug|x64 = Debug|x64
		Debug|x86 = Debug|x86
		Release|x64 = Release|x64
		Release|x86 = Release|x86
	EndGlobalSection
	GlobalSection(ProjectConfigurationPlatforms) = postSolution
		{EC2F0196-788E-47D6-BF8C-FD1ED6BCC153}.Debug|x64.ActiveCfg = Debug|x64
		{EC2F0196-788E-47D6-BF8C-FD1ED6BCC153}.Debug|x64.Build.0 = Debug|x64
		{EC2F0196-788E-47D6-BF8C-FD1ED6BCC153}.Debug|x86.ActiveCfg = Debug|Win32
		{EC2F0196-788E-47D6-BF8C-FD1ED6BCC153}.Debug|x86.Build.0 = Debug|Win32
		{EC2F0196-788E-47D6-BF8C-FD1ED6BCC153}.Release|x64.ActiveCfg = Release|x64
		{EC2F0196-788E-47D6-BF8C-FD1ED6BCC153}.Release|x64.Build.0 = Release|x64
		{EC2F0196-788E-47D6-BF8C-FD1ED6BCC153}.Release|x86.ActiveCfg = Release|Win32
		{EC2F0196-788E-47D6-BF8C-FD1ED6BCC153}.Release|x86.Build.0 = Release|Win32
		{37449B45-1411-4FFE-A2C1-E6E61C969D64}.Debug|x64.ActiveCfg = Debug|x64
		{37449B45-1411-4FFE-A2C1-E6E61C969D64}.Debug|x64.Build.0 = Debug|x64
		{37449B45-1411-4FFE-A2C1-E6E61C969D64}.Debug|x86.ActiveCfg = Debug|Win32
		{37449B45-1411-4FFE-A2C1-E6E61C969D64}.Debug|x86.Build.0 = Debug|Win32
		{37449B45-1411-4FFE-A2C1-E6E61C969D64}.Release|x64.ActiveCfg = Release|x64
		{37449B45-1411-4FFE-A2C1-E6E61C969D64}.Release|x64.Build.0 = Release|x64
		{37449B45-1411-4FFE-A2C1-E6E61C969D64}.Release|x86.ActiveCfg = Release|Win32
		{37449B45-1411-4FFE-A2C1-E6E61C969D64}.Release|x86.Build.0 = Release|Win32
		{9E659E38-7581-437E-BE19-AEB0F386B240}.Debug|x64.ActiveCfg = Debug|x64
		{9E659E38-7581-437E-BE19-AEB0F386B240}.Debug|x64.Build.0 = Debug|x64
		{9E659E38-7581-437E-BE19-AEB0F386B240}.Debug|x86.ActiveCfg = Debug|Win32
		{9E659E38-7581-437E-BE19-AEB0F386B240}.Debug|x86.Build.0 = Debug|Win32
		{9E659E38-7581-437E-BE19-AEB0F386B240}.Release|x64.ActiveCfg = Release|x64
		{9E659E38-7581-437E-BE19-AEB0F386B240}.Release|x64.Build.0 = Release|x64
		{9E659E38-7581-437E-BE19-AEB0F386B240}.Release|x86.ActiveCfg = Release|Win32
		{9E659E38-7581-437E-BE19-AEB0F386B240}.Release|x86.Build.0 = Release|Win32
	EndGlobalSection
	GlobalSection(SolutionProperties) = preSolution
		HideSolutionNode = FALSE
	EndGlobalSection
	GlobalSection(ExtensibilityGlobals) = postSolution
		SolutionGuid = {4AD698AC-2B0B-4325-9C4E-FBABD253DB71}
	EndGlobalSection
EndGlobal
